# THIS IS AN AUTOGENERATED FILE. DO NOT EDIT THIS FILE DIRECTLY.
# yarn lockfile v1


"opendatafit-common-styles@git+https://github.com/opendatafit/opendatafit-common-styles.git":
  version "1.0.0"
  resolved "git+https://github.com/opendatafit/opendatafit-common-styles.git#a79e088b50d6cf68759264b8e5032da1b13a4eaf"
