# THIS IS AN AUTOGENERATED FILE. DO NOT EDIT THIS FILE DIRECTLY.
# yarn lockfile v1


"opendatafit-common-styles@git+ssh://git@github.com:opendatafit/opendatafit-common-styles.git":
  version "1.0.0"
  resolved "git+ssh://git@github.com:opendatafit/opendatafit-common-styles.git#951418d903f3a35efafea675595e6a5e0ad86401"
