# THIS IS AN AUTOGENERATED FILE. DO NOT EDIT THIS FILE DIRECTLY.
# yarn lockfile v1


"opendatafit-common-styles@git+ssh://git@github.com:opendatafit/opendatafit-common-styles.git":
  version "1.0.0"
  resolved "git+ssh://git@github.com:opendatafit/opendatafit-common-styles.git#367feb17239cff643d8aa9bfa1ac236d6c60ba4c"
